
Microsoft Visual Studio Solution File, Format Version 12.00
# Visual Studio Version 16
VisualStudioVersion = 16.0.30128.74
MinimumVisualStudioVersion = 10.0.40219.1
Project("{FAE04EC0-301F-11D3-BF4B-00C04F79EFBC}") = "POO Problema 4", "POO Problema 4\POO Problema 4.csproj", "{623F4C3E-75D8-47B2-A5E7-24DD4A867E94}"
EndProject
Global
	GlobalSection(SolutionConfigurationPlatforms) = preSolution
		Debug|Any CPU = Debug|Any CPU
		Release|Any CPU = Release|Any CPU
	EndGlobalSection
	GlobalSection(ProjectConfigurationPlatforms) = postSolution
		{623F4C3E-75D8-47B2-A5E7-24DD4A867E94}.Debug|Any CPU.ActiveCfg = Debug|Any CPU
		{623F4C3E-75D8-47B2-A5E7-24DD4A867E94}.Debug|Any CPU.Build.0 = Debug|Any CPU
		{623F4C3E-75D8-47B2-A5E7-24DD4A867E94}.Release|Any CPU.ActiveCfg = Release|Any CPU
		{623F4C3E-75D8-47B2-A5E7-24DD4A867E94}.Release|Any CPU.Build.0 = Release|Any CPU
	EndGlobalSection
	GlobalSection(SolutionProperties) = preSolution
		HideSolutionNode = FALSE
	EndGlobalSection
	GlobalSection(ExtensibilityGlobals) = postSolution
		SolutionGuid = {CF801364-8B5C-4C37-A78F-B63522AFA0DE}
	EndGlobalSection
EndGlobal
